PODS:
  - boost (1.76.0)
  - DoubleConversion (1.1.6)
  - EXApplication (5.3.1):
    - ExpoModulesCore
  - EXAV (13.4.1):
    - ExpoModulesCore
    - ReactCommon/turbomodule/core
  - EXBarCodeScanner (12.5.3):
    - EXImageLoader
    - ExpoModulesCore
    - ZXingObjC/OneD
    - ZXingObjC/PDF417
  - EXCamera (13.4.4):
    - ExpoModulesCore
  - EXConstants (14.4.2):
    - ExpoModulesCore
  - EXFileSystem (15.4.5):
    - ExpoModulesCore
  - EXFont (11.4.0):
    - ExpoModulesCore
  - EXImageLoader (4.3.0):
    - ExpoModulesCore
    - React-Core
  - EXLocation (16.1.0):
    - ExpoModulesCore
  - Expo (49.0.23):
    - ExpoModulesCore
  - ExpoBrightness (11.4.1):
    - ExpoModulesCore
  - ExpoImagePicker (14.3.2):
    - ExpoModulesCore
  - ExpoKeepAwake (12.3.0):
    - ExpoModulesCore
  - ExpoModulesCore (1.5.13):
    - RCT-Folly (= 2021.07.22.00)
    - React-Core
    - React-NativeModulesApple
    - React-RCTAppDelegate
    - ReactCommon/turbomodule/core
  - EXSensors (12.3.0):
    - ExpoModulesCore
  - FBLazyVector (0.72.5)
  - FBReactNativeSpec (0.72.5):
    - RCT-Folly (= 2021.07.22.00)
    - RCTRequired (= 0.72.5)
    - RCTTypeSafety (= 0.72.5)
    - React-Core (= 0.72.5)
    - React-jsi (= 0.72.5)
    - ReactCommon/turbomodule/core (= 0.72.5)
  - fmt (6.2.1)
  - glog (0.3.5)
  - hermes-engine (0.72.5):
    - hermes-engine/Pre-built (= 0.72.5)
  - hermes-engine/Pre-built (0.72.5)
  - libevent (2.1.12)
  - RCT-Folly (2021.07.22.00):
    - boost
    - DoubleConversion
    - fmt (~> 6.2.1)
    - glog
    - RCT-Folly/Default (= 2021.07.22.00)
  - RCT-Folly/Default (2021.07.22.00):
    - boost
    - DoubleConversion
    - fmt (~> 6.2.1)
    - glog
  - RCT-Folly/Futures (2021.07.22.00):
    - boost
    - DoubleConversion
    - fmt (~> 6.2.1)
    - glog
    - libevent
  - RCTRequired (0.72.5)
  - RCTTypeSafety (0.72.5):
    - FBLazyVector (= 0.72.5)
    - RCTRequired (= 0.72.5)
    - React-Core (= 0.72.5)
  - React (0.72.5):
    - React-Core (= 0.72.5)
    - React-Core/DevSupport (= 0.72.5)
    - React-Core/RCTWebSocket (= 0.72.5)
    - React-RCTActionSheet (= 0.72.5)
    - React-RCTAnimation (= 0.72.5)
    - React-RCTBlob (= 0.72.5)
    - React-RCTImage (= 0.72.5)
    - React-RCTLinking (= 0.72.5)
    - React-RCTNetwork (= 0.72.5)
    - React-RCTSettings (= 0.72.5)
    - React-RCTText (= 0.72.5)
    - React-RCTVibration (= 0.72.5)
  - React-callinvoker (0.72.5)
  - React-Codegen (0.72.5):
    - DoubleConversion
    - FBReactNativeSpec
    - glog
    - hermes-engine
    - RCT-Folly
    - RCTRequired
    - RCTTypeSafety
    - React-Core
    - React-jsi
    - React-jsiexecutor
    - React-NativeModulesApple
    - React-rncore
    - ReactCommon/turbomodule/bridging
    - ReactCommon/turbomodule/core
  - React-Core (0.72.5):
    - glog
    - hermes-engine
    - RCT-Folly (= 2021.07.22.00)
    - React-Core/Default (= 0.72.5)
    - React-cxxreact
    - React-hermes
    - React-jsi
    - React-jsiexecutor
    - React-perflogger
    - React-runtimeexecutor
    - React-utils
    - SocketRocket (= 0.6.1)
    - Yoga
  - React-Core/CoreModulesHeaders (0.72.5):
    - glog
    - hermes-engine
    - RCT-Folly (= 2021.07.22.00)
    - React-Core/Default
    - React-cxxreact
    - React-hermes
    - React-jsi
    - React-jsiexecutor
    - React-perflogger
    - React-runtimeexecutor
    - React-utils
    - SocketRocket (= 0.6.1)
    - Yoga
  - React-Core/Default (0.72.5):
    - glog
    - hermes-engine
    - RCT-Folly (= 2021.07.22.00)
    - React-cxxreact
    - React-hermes
    - React-jsi
    - React-jsiexecutor
    - React-perflogger
    - React-runtimeexecutor
    - React-utils
    - SocketRocket (= 0.6.1)
    - Yoga
  - React-Core/DevSupport (0.72.5):
    - glog
    - hermes-engine
    - RCT-Folly (= 2021.07.22.00)
    - React-Core/Default (= 0.72.5)
    - React-Core/RCTWebSocket (= 0.72.5)
    - React-cxxreact
    - React-hermes
    - React-jsi
    - React-jsiexecutor
    - React-jsinspector (= 0.72.5)
    - React-perflogger
    - React-runtimeexecutor
    - React-utils
    - SocketRocket (= 0.6.1)
    - Yoga
  - React-Core/RCTActionSheetHeaders (0.72.5):
    - glog
    - hermes-engine
    - RCT-Folly (= 2021.07.22.00)
    - React-Core/Default
    - React-cxxreact
    - React-hermes
    - React-jsi
    - React-jsiexecutor
    - React-perflogger
    - React-runtimeexecutor
    - React-utils
    - SocketRocket (= 0.6.1)
    - Yoga
  - React-Core/RCTAnimationHeaders (0.72.5):
    - glog
    - hermes-engine
    - RCT-Folly (= 2021.07.22.00)
    - React-Core/Default
    - React-cxxreact
    - React-hermes
    - React-jsi
    - React-jsiexecutor
    - React-perflogger
    - React-runtimeexecutor
    - React-utils
    - SocketRocket (= 0.6.1)
    - Yoga
  - React-Core/RCTBlobHeaders (0.72.5):
    - glog
    - hermes-engine
    - RCT-Folly (= 2021.07.22.00)
    - React-Core/Default
    - React-cxxreact
    - React-hermes
    - React-jsi
    - React-jsiexecutor
    - React-perflogger
    - React-runtimeexecutor
    - React-utils
    - SocketRocket (= 0.6.1)
    - Yoga
  - React-Core/RCTImageHeaders (0.72.5):
    - glog
    - hermes-engine
    - RCT-Folly (= 2021.07.22.00)
    - React-Core/Default
    - React-cxxreact
    - React-hermes
    - React-jsi
    - React-jsiexecutor
    - React-perflogger
    - React-runtimeexecutor
    - React-utils
    - SocketRocket (= 0.6.1)
    - Yoga
  - React-Core/RCTLinkingHeaders (0.72.5):
    - glog
    - hermes-engine
    - RCT-Folly (= 2021.07.22.00)
    - React-Core/Default
    - React-cxxreact
    - React-hermes
    - React-jsi
    - React-jsiexecutor
    - React-perflogger
    - React-runtimeexecutor
    - React-utils
    - SocketRocket (= 0.6.1)
    - Yoga
  - React-Core/RCTNetworkHeaders (0.72.5):
    - glog
    - hermes-engine
    - RCT-Folly (= 2021.07.22.00)
    - React-Core/Default
    - React-cxxreact
    - React-hermes
    - React-jsi
    - React-jsiexecutor
    - React-perflogger
    - React-runtimeexecutor
    - React-utils
    - SocketRocket (= 0.6.1)
    - Yoga
  - React-Core/RCTSettingsHeaders (0.72.5):
    - glog
    - hermes-engine
    - RCT-Folly (= 2021.07.22.00)
    - React-Core/Default
    - React-cxxreact
    - React-hermes
    - React-jsi
    - React-jsiexecutor
    - React-perflogger
    - React-runtimeexecutor
    - React-utils
    - SocketRocket (= 0.6.1)
    - Yoga
  - React-Core/RCTTextHeaders (0.72.5):
    - glog
    - hermes-engine
    - RCT-Folly (= 2021.07.22.00)
    - React-Core/Default
    - React-cxxreact
    - React-hermes
    - React-jsi
    - React-jsiexecutor
    - React-perflogger
    - React-runtimeexecutor
    - React-utils
    - SocketRocket (= 0.6.1)
    - Yoga
  - React-Core/RCTVibrationHeaders (0.72.5):
    - glog
    - hermes-engine
    - RCT-Folly (= 2021.07.22.00)
    - React-Core/Default
    - React-cxxreact
    - React-hermes
    - React-jsi
    - React-jsiexecutor
    - React-perflogger
    - React-runtimeexecutor
    - React-utils
    - SocketRocket (= 0.6.1)
    - Yoga
  - React-Core/RCTWebSocket (0.72.5):
    - glog
    - hermes-engine
    - RCT-Folly (= 2021.07.22.00)
    - React-Core/Default (= 0.72.5)
    - React-cxxreact
    - React-hermes
    - React-jsi
    - React-jsiexecutor
    - React-perflogger
    - React-runtimeexecutor
    - React-utils
    - SocketRocket (= 0.6.1)
    - Yoga
  - React-CoreModules (0.72.5):
    - RCT-Folly (= 2021.07.22.00)
    - RCTTypeSafety (= 0.72.5)
    - React-Codegen (= 0.72.5)
    - React-Core/CoreModulesHeaders (= 0.72.5)
    - React-jsi (= 0.72.5)
    - React-RCTBlob
    - React-RCTImage (= 0.72.5)
    - ReactCommon/turbomodule/core (= 0.72.5)
    - SocketRocket (= 0.6.1)
  - React-cxxreact (0.72.5):
    - boost (= 1.76.0)
    - DoubleConversion
    - glog
    - hermes-engine
    - RCT-Folly (= 2021.07.22.00)
    - React-callinvoker (= 0.72.5)
    - React-debug (= 0.72.5)
    - React-jsi (= 0.72.5)
    - React-jsinspector (= 0.72.5)
    - React-logger (= 0.72.5)
    - React-perflogger (= 0.72.5)
    - React-runtimeexecutor (= 0.72.5)
  - React-debug (0.72.5)
  - React-hermes (0.72.5):
    - DoubleConversion
    - glog
    - hermes-engine
    - RCT-Folly (= 2021.07.22.00)
    - RCT-Folly/Futures (= 2021.07.22.00)
    - React-cxxreact (= 0.72.5)
    - React-jsi
    - React-jsiexecutor (= 0.72.5)
    - React-jsinspector (= 0.72.5)
    - React-perflogger (= 0.72.5)
  - React-jsi (0.72.5):
    - boost (= 1.76.0)
    - DoubleConversion
    - glog
    - hermes-engine
    - RCT-Folly (= 2021.07.22.00)
  - React-jsiexecutor (0.72.5):
    - DoubleConversion
    - glog
    - hermes-engine
    - RCT-Folly (= 2021.07.22.00)
    - React-cxxreact (= 0.72.5)
    - React-jsi (= 0.72.5)
    - React-perflogger (= 0.72.5)
  - React-jsinspector (0.72.5)
  - React-logger (0.72.5):
    - glog
  - react-native-cameraroll (7.8.4):
    - RCT-Folly (= 2021.07.22.00)
    - React-Core
  - react-native-geolocation (3.4.0):
    - RCT-Folly (= 2021.07.22.00)
    - React-Core
  - react-native-image-resizer (3.0.11):
    - React-Core
  - react-native-maps (1.3.2):
    - React-Core
  - react-native-netinfo (11.1.0):
    - React-Core
  - react-native-pager-view (6.2.3):
    - RCT-Folly (= 2021.07.22.00)
    - React-Core
  - react-native-safe-area-context (4.8.2):
    - React-Core
  - react-native-slider (4.4.2):
    - React-Core
  - react-native-webview (13.6.4):
    - RCT-Folly (= 2021.07.22.00)
    - React-Core
  - React-NativeModulesApple (0.72.5):
    - hermes-engine
    - React-callinvoker
    - React-Core
    - React-cxxreact
    - React-jsi
    - React-runtimeexecutor
    - ReactCommon/turbomodule/bridging
    - ReactCommon/turbomodule/core
  - React-perflogger (0.72.5)
  - React-RCTActionSheet (0.72.5):
    - React-Core/RCTActionSheetHeaders (= 0.72.5)
  - React-RCTAnimation (0.72.5):
    - RCT-Folly (= 2021.07.22.00)
    - RCTTypeSafety (= 0.72.5)
    - React-Codegen (= 0.72.5)
    - React-Core/RCTAnimationHeaders (= 0.72.5)
    - React-jsi (= 0.72.5)
    - ReactCommon/turbomodule/core (= 0.72.5)
  - React-RCTAppDelegate (0.72.5):
    - RCT-Folly
    - RCTRequired
    - RCTTypeSafety
    - React-Core
    - React-CoreModules
    - React-hermes
    - React-NativeModulesApple
    - React-RCTImage
    - React-RCTNetwork
    - React-runtimescheduler
    - ReactCommon/turbomodule/core
  - React-RCTBlob (0.72.5):
    - hermes-engine
    - RCT-Folly (= 2021.07.22.00)
    - React-Codegen (= 0.72.5)
    - React-Core/RCTBlobHeaders (= 0.72.5)
    - React-Core/RCTWebSocket (= 0.72.5)
    - React-jsi (= 0.72.5)
    - React-RCTNetwork (= 0.72.5)
    - ReactCommon/turbomodule/core (= 0.72.5)
  - React-RCTImage (0.72.5):
    - RCT-Folly (= 2021.07.22.00)
    - RCTTypeSafety (= 0.72.5)
    - React-Codegen (= 0.72.5)
    - React-Core/RCTImageHeaders (= 0.72.5)
    - React-jsi (= 0.72.5)
    - React-RCTNetwork (= 0.72.5)
    - ReactCommon/turbomodule/core (= 0.72.5)
  - React-RCTLinking (0.72.5):
    - React-Codegen (= 0.72.5)
    - React-Core/RCTLinkingHeaders (= 0.72.5)
    - React-jsi (= 0.72.5)
    - ReactCommon/turbomodule/core (= 0.72.5)
  - React-RCTNetwork (0.72.5):
    - RCT-Folly (= 2021.07.22.00)
    - RCTTypeSafety (= 0.72.5)
    - React-Codegen (= 0.72.5)
    - React-Core/RCTNetworkHeaders (= 0.72.5)
    - React-jsi (= 0.72.5)
    - ReactCommon/turbomodule/core (= 0.72.5)
  - React-RCTSettings (0.72.5):
    - RCT-Folly (= 2021.07.22.00)
    - RCTTypeSafety (= 0.72.5)
    - React-Codegen (= 0.72.5)
    - React-Core/RCTSettingsHeaders (= 0.72.5)
    - React-jsi (= 0.72.5)
    - ReactCommon/turbomodule/core (= 0.72.5)
  - React-RCTText (0.72.5):
    - React-Core/RCTTextHeaders (= 0.72.5)
  - React-RCTVibration (0.72.5):
    - RCT-Folly (= 2021.07.22.00)
    - React-Codegen (= 0.72.5)
    - React-Core/RCTVibrationHeaders (= 0.72.5)
    - React-jsi (= 0.72.5)
    - ReactCommon/turbomodule/core (= 0.72.5)
  - React-rncore (0.72.5)
  - React-runtimeexecutor (0.72.5):
    - React-jsi (= 0.72.5)
  - React-runtimescheduler (0.72.5):
    - glog
    - hermes-engine
    - RCT-Folly (= 2021.07.22.00)
    - React-callinvoker
    - React-debug
    - React-jsi
    - React-runtimeexecutor
  - React-utils (0.72.5):
    - glog
    - RCT-Folly (= 2021.07.22.00)
    - React-debug
  - ReactCommon/turbomodule/bridging (0.72.5):
    - DoubleConversion
    - glog
    - hermes-engine
    - RCT-Folly (= 2021.07.22.00)
    - React-callinvoker (= 0.72.5)
    - React-cxxreact (= 0.72.5)
    - React-jsi (= 0.72.5)
    - React-logger (= 0.72.5)
    - React-perflogger (= 0.72.5)
  - ReactCommon/turbomodule/core (0.72.5):
    - DoubleConversion
    - glog
    - hermes-engine
    - RCT-Folly (= 2021.07.22.00)
    - React-callinvoker (= 0.72.5)
    - React-cxxreact (= 0.72.5)
    - React-jsi (= 0.72.5)
    - React-logger (= 0.72.5)
    - React-perflogger (= 0.72.5)
  - RNCAsyncStorage (1.21.0):
    - React-Core
  - RNCClipboard (1.14.3):
    - React-Core
  - RNCMaskedView (0.3.2):
    - RCT-Folly (= 2021.07.22.00)
    - React-Core
  - RNCPicker (2.6.1):
    - React-Core
  - RNDeviceInfo (14.0.4):
    - React-Core
  - RNGestureHandler (2.14.1):
    - RCT-Folly (= 2021.07.22.00)
    - React-Core
  - RNScreens (3.29.0):
    - RCT-Folly (= 2021.07.22.00)
    - React-Core
  - RNSVG (14.1.0):
    - React-Core
  - SocketRocket (0.6.1)
  - Yoga (1.14.0)
  - ZXingObjC/Core (3.6.9)
  - ZXingObjC/OneD (3.6.9):
    - ZXingObjC/Core
  - ZXingObjC/PDF417 (3.6.9):
    - ZXingObjC/Core

DEPENDENCIES:
  - boost (from `../taro/node_modules/react-native/third-party-podspecs/boost.podspec`)
  - DoubleConversion (from `../taro/node_modules/react-native/third-party-podspecs/DoubleConversion.podspec`)
  - "EXApplication (from `../../node_modules/.pnpm/expo-application@5.3.1_expo@49.0.23_@babel+core@7.29.7_supports-color@8.1.1__supports-color@8.1.1_/node_modules/expo-application/ios`)"
  - "EXAV (from `../../node_modules/.pnpm/expo-av@13.4.1_expo@49.0.23_@babel+core@7.29.7_supports-color@8.1.1__supports-color@8.1.1_/node_modules/expo-av/ios`)"
  - "EXBarCodeScanner (from `../../node_modules/.pnpm/expo-barcode-scanner@12.5.3_expo@49.0.23_@babel+core@7.29.7_supports-color@8.1.1__supports-color@8.1.1_/node_modules/expo-barcode-scanner/ios`)"
  - "EXCamera (from `../../node_modules/.pnpm/expo-camera@13.4.4_expo@49.0.23_@babel+core@7.29.7_supports-color@8.1.1__supports-color@8.1.1_/node_modules/expo-camera/ios`)"
  - "EXConstants (from `../../node_modules/.pnpm/expo-constants@14.4.2_expo@49.0.23_@babel+core@7.29.7_supports-color@8.1.1__supports-color@8.1.1__supports-color@8.1.1/node_modules/expo-constants/ios`)"
  - "EXFileSystem (from `../../node_modules/.pnpm/expo-file-system@15.4.5_expo@49.0.23_@babel+core@7.29.7_supports-color@8.1.1__supports-color@8.1.1_/node_modules/expo-file-system/ios`)"
  - "EXFont (from `../../node_modules/.pnpm/expo-font@11.4.0_expo@49.0.23_@babel+core@7.29.7_supports-color@8.1.1__supports-color@8.1.1_/node_modules/expo-font/ios`)"
  - "EXImageLoader (from `../../node_modules/.pnpm/expo-image-loader@4.3.0_expo@49.0.23_@babel+core@7.29.7_supports-color@8.1.1__supports-color@8.1.1_/node_modules/expo-image-loader/ios`)"
  - "EXLocation (from `../../node_modules/.pnpm/expo-location@16.1.0_expo@49.0.23_@babel+core@7.29.7_supports-color@8.1.1__supports-color@8.1.1_/node_modules/expo-location/ios`)"
  - "Expo (from `../../node_modules/.pnpm/expo@49.0.23_@babel+core@7.29.7_supports-color@8.1.1__supports-color@8.1.1/node_modules/expo`)"
  - "ExpoBrightness (from `../../node_modules/.pnpm/expo-brightness@11.4.1_expo@49.0.23_@babel+core@7.29.7_supports-color@8.1.1__supports-color@8.1.1_/node_modules/expo-brightness/ios`)"
  - "ExpoImagePicker (from `../../node_modules/.pnpm/expo-image-picker@14.3.2_expo@49.0.23_@babel+core@7.29.7_supports-color@8.1.1__supports-color@8.1.1_/node_modules/expo-image-picker/ios`)"
  - "ExpoKeepAwake (from `../../node_modules/.pnpm/expo-keep-awake@12.3.0_expo@49.0.23_@babel+core@7.29.7_supports-color@8.1.1__supports-color@8.1.1_/node_modules/expo-keep-awake/ios`)"
  - "ExpoModulesCore (from `../../node_modules/.pnpm/expo-modules-core@1.5.13/node_modules/expo-modules-core`)"
  - "EXSensors (from `../../node_modules/.pnpm/expo-sensors@12.3.0_expo@49.0.23_@babel+core@7.29.7_supports-color@8.1.1__supports-color@8.1.1_/node_modules/expo-sensors/ios`)"
  - FBLazyVector (from `../taro/node_modules/react-native/Libraries/FBLazyVector`)
  - FBReactNativeSpec (from `../taro/node_modules/react-native/React/FBReactNativeSpec`)
  - glog (from `../taro/node_modules/react-native/third-party-podspecs/glog.podspec`)
  - hermes-engine (from `../taro/node_modules/react-native/sdks/hermes-engine/hermes-engine.podspec`)
  - libevent (~> 2.1.12)
  - RCT-Folly (from `../taro/node_modules/react-native/third-party-podspecs/RCT-Folly.podspec`)
  - RCTRequired (from `../taro/node_modules/react-native/Libraries/RCTRequired`)
  - RCTTypeSafety (from `../taro/node_modules/react-native/Libraries/TypeSafety`)
  - React (from `../taro/node_modules/react-native/`)
  - React-callinvoker (from `../taro/node_modules/react-native/ReactCommon/callinvoker`)
  - React-Codegen (from `build/generated/ios`)
  - React-Core (from `../taro/node_modules/react-native/`)
  - React-Core/RCTWebSocket (from `../taro/node_modules/react-native/`)
  - React-CoreModules (from `../taro/node_modules/react-native/React/CoreModules`)
  - React-cxxreact (from `../taro/node_modules/react-native/ReactCommon/cxxreact`)
  - React-debug (from `../taro/node_modules/react-native/ReactCommon/react/debug`)
  - React-hermes (from `../taro/node_modules/react-native/ReactCommon/hermes`)
  - React-jsi (from `../taro/node_modules/react-native/ReactCommon/jsi`)
  - React-jsiexecutor (from `../taro/node_modules/react-native/ReactCommon/jsiexecutor`)
  - React-jsinspector (from `../taro/node_modules/react-native/ReactCommon/jsinspector`)
  - React-logger (from `../taro/node_modules/react-native/ReactCommon/logger`)
  - "react-native-cameraroll (from `../taro/node_modules/@react-native-camera-roll/camera-roll`)"
  - "react-native-geolocation (from `../taro/node_modules/@react-native-community/geolocation`)"
  - "react-native-image-resizer (from `../taro/node_modules/@bam.tech/react-native-image-resizer`)"
  - react-native-maps (from `../taro/node_modules/react-native-maps`)
  - "react-native-netinfo (from `../taro/node_modules/@react-native-community/netinfo`)"
  - react-native-pager-view (from `../taro/node_modules/react-native-pager-view`)
  - react-native-safe-area-context (from `../taro/node_modules/react-native-safe-area-context`)
  - "react-native-slider (from `../taro/node_modules/@react-native-community/slider`)"
  - react-native-webview (from `../taro/node_modules/react-native-webview`)
  - React-NativeModulesApple (from `../taro/node_modules/react-native/ReactCommon/react/nativemodule/core/platform/ios`)
  - React-perflogger (from `../taro/node_modules/react-native/ReactCommon/reactperflogger`)
  - React-RCTActionSheet (from `../taro/node_modules/react-native/Libraries/ActionSheetIOS`)
  - React-RCTAnimation (from `../taro/node_modules/react-native/Libraries/NativeAnimation`)
  - React-RCTAppDelegate (from `../taro/node_modules/react-native/Libraries/AppDelegate`)
  - React-RCTBlob (from `../taro/node_modules/react-native/Libraries/Blob`)
  - React-RCTImage (from `../taro/node_modules/react-native/Libraries/Image`)
  - React-RCTLinking (from `../taro/node_modules/react-native/Libraries/LinkingIOS`)
  - React-RCTNetwork (from `../taro/node_modules/react-native/Libraries/Network`)
  - React-RCTSettings (from `../taro/node_modules/react-native/Libraries/Settings`)
  - React-RCTText (from `../taro/node_modules/react-native/Libraries/Text`)
  - React-RCTVibration (from `../taro/node_modules/react-native/Libraries/Vibration`)
  - React-rncore (from `../taro/node_modules/react-native/ReactCommon`)
  - React-runtimeexecutor (from `../taro/node_modules/react-native/ReactCommon/runtimeexecutor`)
  - React-runtimescheduler (from `../taro/node_modules/react-native/ReactCommon/react/renderer/runtimescheduler`)
  - React-utils (from `../taro/node_modules/react-native/ReactCommon/react/utils`)
  - ReactCommon/turbomodule/core (from `../taro/node_modules/react-native/ReactCommon`)
  - "RNCAsyncStorage (from `../taro/node_modules/@react-native-async-storage/async-storage`)"
  - "RNCClipboard (from `../taro/node_modules/@react-native-clipboard/clipboard`)"
  - "RNCMaskedView (from `../taro/node_modules/@react-native-masked-view/masked-view`)"
  - "RNCPicker (from `../taro/node_modules/@react-native-picker/picker`)"
  - RNDeviceInfo (from `../taro/node_modules/react-native-device-info`)
  - RNGestureHandler (from `../taro/node_modules/react-native-gesture-handler`)
  - RNScreens (from `../taro/node_modules/react-native-screens`)
  - RNSVG (from `../taro/node_modules/react-native-svg`)
  - Yoga (from `../taro/node_modules/react-native/ReactCommon/yoga`)

SPEC REPOS:
  trunk:
    - fmt
    - libevent
    - SocketRocket
    - ZXingObjC

EXTERNAL SOURCES:
  boost:
    :podspec: "../taro/node_modules/react-native/third-party-podspecs/boost.podspec"
  DoubleConversion:
    :podspec: "../taro/node_modules/react-native/third-party-podspecs/DoubleConversion.podspec"
  EXApplication:
    :path: "../../node_modules/.pnpm/expo-application@5.3.1_expo@49.0.23_@babel+core@7.29.7_supports-color@8.1.1__supports-color@8.1.1_/node_modules/expo-application/ios"
  EXAV:
    :path: "../../node_modules/.pnpm/expo-av@13.4.1_expo@49.0.23_@babel+core@7.29.7_supports-color@8.1.1__supports-color@8.1.1_/node_modules/expo-av/ios"
  EXBarCodeScanner:
    :path: "../../node_modules/.pnpm/expo-barcode-scanner@12.5.3_expo@49.0.23_@babel+core@7.29.7_supports-color@8.1.1__supports-color@8.1.1_/node_modules/expo-barcode-scanner/ios"
  EXCamera:
    :path: "../../node_modules/.pnpm/expo-camera@13.4.4_expo@49.0.23_@babel+core@7.29.7_supports-color@8.1.1__supports-color@8.1.1_/node_modules/expo-camera/ios"
  EXConstants:
    :path: "../../node_modules/.pnpm/expo-constants@14.4.2_expo@49.0.23_@babel+core@7.29.7_supports-color@8.1.1__supports-color@8.1.1__supports-color@8.1.1/node_modules/expo-constants/ios"
  EXFileSystem:
    :path: "../../node_modules/.pnpm/expo-file-system@15.4.5_expo@49.0.23_@babel+core@7.29.7_supports-color@8.1.1__supports-color@8.1.1_/node_modules/expo-file-system/ios"
  EXFont:
    :path: "../../node_modules/.pnpm/expo-font@11.4.0_expo@49.0.23_@babel+core@7.29.7_supports-color@8.1.1__supports-color@8.1.1_/node_modules/expo-font/ios"
  EXImageLoader:
    :path: "../../node_modules/.pnpm/expo-image-loader@4.3.0_expo@49.0.23_@babel+core@7.29.7_supports-color@8.1.1__supports-color@8.1.1_/node_modules/expo-image-loader/ios"
  EXLocation:
    :path: "../../node_modules/.pnpm/expo-location@16.1.0_expo@49.0.23_@babel+core@7.29.7_supports-color@8.1.1__supports-color@8.1.1_/node_modules/expo-location/ios"
  Expo:
    :path: "../../node_modules/.pnpm/expo@49.0.23_@babel+core@7.29.7_supports-color@8.1.1__supports-color@8.1.1/node_modules/expo"
  ExpoBrightness:
    :path: "../../node_modules/.pnpm/expo-brightness@11.4.1_expo@49.0.23_@babel+core@7.29.7_supports-color@8.1.1__supports-color@8.1.1_/node_modules/expo-brightness/ios"
  ExpoImagePicker:
    :path: "../../node_modules/.pnpm/expo-image-picker@14.3.2_expo@49.0.23_@babel+core@7.29.7_supports-color@8.1.1__supports-color@8.1.1_/node_modules/expo-image-picker/ios"
  ExpoKeepAwake:
    :path: "../../node_modules/.pnpm/expo-keep-awake@12.3.0_expo@49.0.23_@babel+core@7.29.7_supports-color@8.1.1__supports-color@8.1.1_/node_modules/expo-keep-awake/ios"
  ExpoModulesCore:
    :path: "../../node_modules/.pnpm/expo-modules-core@1.5.13/node_modules/expo-modules-core"
  EXSensors:
    :path: "../../node_modules/.pnpm/expo-sensors@12.3.0_expo@49.0.23_@babel+core@7.29.7_supports-color@8.1.1__supports-color@8.1.1_/node_modules/expo-sensors/ios"
  FBLazyVector:
    :path: "../taro/node_modules/react-native/Libraries/FBLazyVector"
  FBReactNativeSpec:
    :path: "../taro/node_modules/react-native/React/FBReactNativeSpec"
  glog:
    :podspec: "../taro/node_modules/react-native/third-party-podspecs/glog.podspec"
  hermes-engine:
    :podspec: "../taro/node_modules/react-native/sdks/hermes-engine/hermes-engine.podspec"
    :tag: hermes-2023-08-07-RNv0.72.4-813b2def12bc9df02654b3e3653ae4a68d0572e0
  RCT-Folly:
    :podspec: "../taro/node_modules/react-native/third-party-podspecs/RCT-Folly.podspec"
  RCTRequired:
    :path: "../taro/node_modules/react-native/Libraries/RCTRequired"
  RCTTypeSafety:
    :path: "../taro/node_modules/react-native/Libraries/TypeSafety"
  React:
    :path: "../taro/node_modules/react-native/"
  React-callinvoker:
    :path: "../taro/node_modules/react-native/ReactCommon/callinvoker"
  React-Codegen:
    :path: build/generated/ios
  React-Core:
    :path: "../taro/node_modules/react-native/"
  React-CoreModules:
    :path: "../taro/node_modules/react-native/React/CoreModules"
  React-cxxreact:
    :path: "../taro/node_modules/react-native/ReactCommon/cxxreact"
  React-debug:
    :path: "../taro/node_modules/react-native/ReactCommon/react/debug"
  React-hermes:
    :path: "../taro/node_modules/react-native/ReactCommon/hermes"
  React-jsi:
    :path: "../taro/node_modules/react-native/ReactCommon/jsi"
  React-jsiexecutor:
    :path: "../taro/node_modules/react-native/ReactCommon/jsiexecutor"
  React-jsinspector:
    :path: "../taro/node_modules/react-native/ReactCommon/jsinspector"
  React-logger:
    :path: "../taro/node_modules/react-native/ReactCommon/logger"
  react-native-cameraroll:
    :path: "../taro/node_modules/@react-native-camera-roll/camera-roll"
  react-native-geolocation:
    :path: "../taro/node_modules/@react-native-community/geolocation"
  react-native-image-resizer:
    :path: "../taro/node_modules/@bam.tech/react-native-image-resizer"
  react-native-maps:
    :path: "../taro/node_modules/react-native-maps"
  react-native-netinfo:
    :path: "../taro/node_modules/@react-native-community/netinfo"
  react-native-pager-view:
    :path: "../taro/node_modules/react-native-pager-view"
  react-native-safe-area-context:
    :path: "../taro/node_modules/react-native-safe-area-context"
  react-native-slider:
    :path: "../taro/node_modules/@react-native-community/slider"
  react-native-webview:
    :path: "../taro/node_modules/react-native-webview"
  React-NativeModulesApple:
    :path: "../taro/node_modules/react-native/ReactCommon/react/nativemodule/core/platform/ios"
  React-perflogger:
    :path: "../taro/node_modules/react-native/ReactCommon/reactperflogger"
  React-RCTActionSheet:
    :path: "../taro/node_modules/react-native/Libraries/ActionSheetIOS"
  React-RCTAnimation:
    :path: "../taro/node_modules/react-native/Libraries/NativeAnimation"
  React-RCTAppDelegate:
    :path: "../taro/node_modules/react-native/Libraries/AppDelegate"
  React-RCTBlob:
    :path: "../taro/node_modules/react-native/Libraries/Blob"
  React-RCTImage:
    :path: "../taro/node_modules/react-native/Libraries/Image"
  React-RCTLinking:
    :path: "../taro/node_modules/react-native/Libraries/LinkingIOS"
  React-RCTNetwork:
    :path: "../taro/node_modules/react-native/Libraries/Network"
  React-RCTSettings:
    :path: "../taro/node_modules/react-native/Libraries/Settings"
  React-RCTText:
    :path: "../taro/node_modules/react-native/Libraries/Text"
  React-RCTVibration:
    :path: "../taro/node_modules/react-native/Libraries/Vibration"
  React-rncore:
    :path: "../taro/node_modules/react-native/ReactCommon"
  React-runtimeexecutor:
    :path: "../taro/node_modules/react-native/ReactCommon/runtimeexecutor"
  React-runtimescheduler:
    :path: "../taro/node_modules/react-native/ReactCommon/react/renderer/runtimescheduler"
  React-utils:
    :path: "../taro/node_modules/react-native/ReactCommon/react/utils"
  ReactCommon:
    :path: "../taro/node_modules/react-native/ReactCommon"
  RNCAsyncStorage:
    :path: "../taro/node_modules/@react-native-async-storage/async-storage"
  RNCClipboard:
    :path: "../taro/node_modules/@react-native-clipboard/clipboard"
  RNCMaskedView:
    :path: "../taro/node_modules/@react-native-masked-view/masked-view"
  RNCPicker:
    :path: "../taro/node_modules/@react-native-picker/picker"
  RNDeviceInfo:
    :path: "../taro/node_modules/react-native-device-info"
  RNGestureHandler:
    :path: "../taro/node_modules/react-native-gesture-handler"
  RNScreens:
    :path: "../taro/node_modules/react-native-screens"
  RNSVG:
    :path: "../taro/node_modules/react-native-svg"
  Yoga:
    :path: "../taro/node_modules/react-native/ReactCommon/yoga"

SPEC CHECKSUMS:
  boost: 7dcd2de282d72e344012f7d6564d024930a6a440
  DoubleConversion: 5189b271737e1565bdce30deb4a08d647e3f5f54
  EXApplication: aa0fc96f297b984950f2ca8d64c5a326403a0b29
  EXAV: d1f0ef70837bc21032001aa2c7894f86e2079ae1
  EXBarCodeScanner: 21fc547982d7a3496dad343c895b09257d0aed70
  EXCamera: 0f18913fdb318a33ca87bf162086cae48b8f02c3
  EXConstants: e7d8d1bec9a20242b4f92a9d66967c3904e0dcd0
  EXFileSystem: 1aeed803248e2b62c5cde8b8d8c6cb1525fc40c1
  EXFont: aa39b3f790e2b3188986ac5e8684cf6003c00a18
  EXImageLoader: 2c79db9355756be7494a2257648235ee47dc0f9c
  EXLocation: a1f00cc5db80e6e159a1bea8de3147dedb5d60b6
  Expo: 7bde63b84d4f6502de1e7963182333f39bedbf94
  ExpoBrightness: ea40d28142c77c70ad5ed379084cf7a6a381e932
  ExpoImagePicker: d4192fbdec40fdfb01638e174c4a76139a2ab5bf
  ExpoKeepAwake: 8ab1087501f5ccb91146447756b787575b13f13e
  ExpoModulesCore: 3312621274fbba06fe382a37d8218a43cd522823
  EXSensors: 65a03fe1eaf4629870d68ce4753a149180618b79
  FBLazyVector: 71803c074f6325f10b5ec891c443b6bbabef0ca7
  FBReactNativeSpec: 8b95056c0ff3757c8f0337ebdc57363e9a233935
  fmt: ff9d55029c625d3757ed641535fd4a75fedc7ce9
  glog: 04b94705f318337d7ead9e6d17c019bd9b1f6b1b
  hermes-engine: f6cf92a471053245614d9d8097736f6337d5b86c
  libevent: 4049cae6c81cdb3654a443be001fb9bdceff7913
  RCT-Folly: 8dc08ca5a393b48b1c523ab6220dfdcc0fe000ad
  RCTRequired: df81ab637d35fac9e6eb94611cfd20f0feb05455
  RCTTypeSafety: 4636e4a36c7c2df332bda6d59b19b41c443d4287
  React: e0cc5197a804031a6c53fb38483c3485fcb9d6f3
  React-callinvoker: 1a635856fe0c3d8b13fccd4ed7e76283b99b0868
  React-Codegen: ef4eae658851739a69ec955c9957b3f9b7d45558
  React-Core: a4541fc5c759da408568cbf72253521fbfe40c7e
  React-CoreModules: 8698a02b4b3a172e0b809bd1a2ed30540e1b60be
  React-cxxreact: c9e823058d6cc8834da3bbdc7a06784db67fc222
  React-debug: ee33d7ba43766d9b10b32561527b57ccfbcb6bd1
  React-hermes: b46e650e7a0c948d382f989d9d03b574b90a50a7
  React-jsi: db98891b5227986d8cc64a9f4f37a4be980be448
  React-jsiexecutor: 7b950ed139738f2a446a9c0691ef0d07df3fb89e
  React-jsinspector: aef73cbd43b70675f572214d10fa438c89bf11ba
  React-logger: 984811296d6ce8fb1c1619cc8752c1029916d917
  react-native-cameraroll: a5b4040b269f696856f7e99b05bea46b8b3989c9
  react-native-geolocation: 9e89c8dbec96c6671da28da6c20f13a0a2a1785f
  react-native-image-resizer: 24c5d06fae2176dc0caed4b6396e02befb44064a
  react-native-maps: c392dfa80c6d661ca17acc4c09dd2a97b0727aa4
  react-native-netinfo: 5364263f903da576bdef9c84a76fe243ab06812c
  react-native-pager-view: 8f36f88437684bf5ea86f9172a91c266d99b975f
  react-native-safe-area-context: bf9d9d58f0f6726d4a6257088044c2595017579d
  react-native-slider: 3051c537444d711b566d1e4d681c6cd35081ae6f
  react-native-webview: 2145aabfee1b87fe471b58dd371a5399b7982335
  React-NativeModulesApple: d57608e52c875d2b952b68afd0d8f0543d690c3d
  React-perflogger: cd8886513f68e1c135a1e79d20575c6489641597
  React-RCTActionSheet: 726d2615ca62a77ce3e2c13d87f65379cdc73498
  React-RCTAnimation: 8f2716b881c37c64858e4ecee0f58bfa57ff9afd
  React-RCTAppDelegate: 961d059d21aa103a67293d25df1715683dbc1a66
  React-RCTBlob: 92886e31e069db1997fc10a442df2a69979558ed
  React-RCTImage: 747e3d7b656a67470f9c234baedb8d41bbc4e745
  React-RCTLinking: 148332b5b0396b280b05534f7d168e560a3bbd5f
  React-RCTNetwork: 1d818121a8e678f064de663a6db7aaefc099e53c
  React-RCTSettings: 4b95d26ebc88bfd3b6535b2d7904914ff88dbfc2
  React-RCTText: ce4499e4f2d8f85dc4b93ff0559313a016c4f3e2
  React-RCTVibration: 45372e61b35e96d16893540958d156675afbeb63
  React-rncore: 3cc2757021f3373f674a3e2a769d2020d703e664
  React-runtimeexecutor: 7e31e2bc6d0ecc83d4ba05eadc98401007abc10c
  React-runtimescheduler: ab7903607aad767fa6cd95feb910fb11501f9946
  React-utils: 5b4df8692e966fd50e2d75c0f9659e176a292384
  ReactCommon: 82a84765046cde44e4086a762a16a1ec5c3386ca
  RNCAsyncStorage: a03b770a50541a761447cea9c24536047832124d
  RNCClipboard: 7c3e3b5f71d84ef61690ad377b6c50cf27864ff5
  RNCMaskedView: d261a7d0cc486eed758aad47afc406eff06a5b3c
  RNCPicker: 7ea4c112b43a2033ddb1e5e2ecb2e826f222b897
  RNDeviceInfo: d863506092aef7e7af3a1c350c913d867d795047
  RNGestureHandler: 6530721cfc87d2625506e00ea5cba27b6bea4d86
  RNScreens: a425ae50ad66d024a6e936121bf5c9fbe6a5cdc6
  RNSVG: 6d5ed33b6635ed6d6ecb50744dcf127580c39ed5
  SocketRocket: f32cd54efbe0f095c4d7594881e52619cfe80b17
  Yoga: 86fed2e4d425ee4c6eab3813ba1791101ee153c6
  ZXingObjC: 8898711ab495761b2dbbdec76d90164a6d7e14c5

PODFILE CHECKSUM: b13403da12c4905655ec567eece80eb39e957b03

COCOAPODS: 1.16.2
